
Microsoft Visual Studio Solution File, Format Version 12.00
# Visual Studio Version 16
VisualStudioVersion = 16.0.29806.167
MinimumVisualStudioVersion = 10.0.40219.1
Project("{FAE04EC0-301F-11D3-BF4B-00C04F79EFBC}") = "FileOperations", "FileOperations.csproj", "{61CDB8C3-1EC3-47E0-985C-CB92EF3DEDE2}"
EndProject
Global
	GlobalSection(SolutionConfigurationPlatforms) = preSolution
		Debug|Any CPU = Debug|Any CPU
		Release|Any CPU = Release|Any CPU
	EndGlobalSection
	GlobalSection(ProjectConfigurationPlatforms) = postSolution
		{61CDB8C3-1EC3-47E0-985C-CB92EF3DEDE2}.Debug|Any CPU.ActiveCfg = Debug|Any CPU
		{61CDB8C3-1EC3-47E0-985C-CB92EF3DEDE2}.Debug|Any CPU.Build.0 = Debug|Any CPU
		{61CDB8C3-1EC3-47E0-985C-CB92EF3DEDE2}.Release|Any CPU.ActiveCfg = Release|Any CPU
		{61CDB8C3-1EC3-47E0-985C-CB92EF3DEDE2}.Release|Any CPU.Build.0 = Release|Any CPU
	EndGlobalSection
	GlobalSection(SolutionProperties) = preSolution
		HideSolutionNode = FALSE
	EndGlobalSection
	GlobalSection(ExtensibilityGlobals) = postSolution
		SolutionGuid = {0E8C8D8F-5CAE-473D-BC49-9A3EFF6DE001}
	EndGlobalSection
EndGlobal
